// !$*UTF8*$!
{
	archiveVersion = 1;
	classes = {
	};
	objectVersion = 46;
	objects = {

/* Begin PBXBuildFile section */
		9BB183941971BEC700F9C5BE /* Foundation.framework in Frameworks */ = {isa = PBXBuildFile; fileRef = 9BB183931971BEC700F9C5BE /* Foundation.framework */; };
		9BB183961971BEC700F9C5BE /* CoreGraphics.framework in Frameworks */ = {isa = PBXBuildFile; fileRef = 9BB183951971BEC700F9C5BE /* CoreGraphics.framework */; };
		9BB183981971BEC700F9C5BE /* UIKit.framework in Frameworks */ = {isa = PBXBuildFile; fileRef = 9BB183971971BEC700F9C5BE /* UIKit.framework */; };
		9BB1839E1971BEC700F9C5BE /* InfoPlist.strings in Resources */ = {isa = PBXBuildFile; fileRef = 9BB1839C1971BEC700F9C5BE /* InfoPlist.strings */; };
		9BB183A01971BEC700F9C5BE /* main.m in Sources */ = {isa = PBXBuildFile; fileRef = 9BB1839F1971BEC700F9C5BE /* main.m */; };
		9BB183A41971BEC700F9C5BE /* AppDelegate.m in Sources */ = {isa = PBXBuildFile; fileRef = 9BB183A31971BEC700F9C5BE /* AppDelegate.m */; };
		9BB183A71971BEC700F9C5BE /* Main.storyboard in Resources */ = {isa = PBXBuildFile; fileRef = 9BB183A51971BEC700F9C5BE /* Main.storyboard */; };
		9BB183AA1971BEC700F9C5BE /* MasterViewController.m in Sources */ = {isa = PBXBuildFile; fileRef = 9BB183A91971BEC700F9C5BE /* MasterViewController.m */; };
		9BB183AD1971BEC700F9C5BE /* DetailViewController.m in Sources */ = {isa = PBXBuildFile; fileRef = 9BB183AC1971BEC700F9C5BE /* DetailViewController.m */; };
		9BB183AF1971BEC700F9C5BE /* Images.xcassets in Resources */ = {isa = PBXBuildFile; fileRef = 9BB183AE1971BEC700F9C5BE /* Images.xcassets */; };
		9BB183B61971BEC700F9C5BE /* XCTest.framework in Frameworks */ = {isa = PBXBuildFile; fileRef = 9BB183B51971BEC700F9C5BE /* XCTest.framework */; };
		9BB183B71971BEC700F9C5BE /* Foundation.framework in Frameworks */ = {isa = PBXBuildFile; fileRef = 9BB183931971BEC700F9C5BE /* Foundation.framework */; };
		9BB183B81971BEC700F9C5BE /* UIKit.framework in Frameworks */ = {isa = PBXBuildFile; fileRef = 9BB183971971BEC700F9C5BE /* UIKit.framework */; };
		9BB183C01971BEC700F9C5BE /* InfoPlist.strings in Resources */ = {isa = PBXBuildFile; fileRef = 9BB183BE1971BEC700F9C5BE /* InfoPlist.strings */; };
		9BB183C21971BEC700F9C5BE /* SplitViewTests.m in Sources */ = {isa = PBXBuildFile; fileRef = 9BB183C11971BEC700F9C5BE /* SplitViewTests.m */; };
		9BB184111971CB0300F9C5BE /* TableViewController.m in Sources */ = {isa = PBXBuildFile; fileRef = 9BB184101971CB0300F9C5BE /* TableViewController.m */; };
/* End PBXBuildFile section */

/* Begin PBXContainerItemProxy section */
		9BB183B91971BEC700F9C5BE /* PBXContainerItemProxy */ = {
			isa = PBXContainerItemProxy;
			containerPortal = 9BB183881971BEC700F9C5BE /* Project object */;
			proxyType = 1;
			remoteGlobalIDString = 9BB1838F1971BEC700F9C5BE;
			remoteInfo = SplitView;
		};
/* End PBXContainerItemProxy section */

/* Begin PBXFileReference section */
		9BB183901971BEC700F9C5BE /* SplitView.app */ = {isa = PBXFileReference; explicitFileType = wrapper.application; includeInIndex = 0; path = SplitView.app; sourceTree = BUILT_PRODUCTS_DIR; };
		9BB183931971BEC700F9C5BE /* Foundation.framework */ = {isa = PBXFileReference; lastKnownFileType = wrapper.framework; name = Foundation.framework; path = System/Library/Frameworks/Foundation.framework; sourceTree = SDKROOT; };
		9BB183951971BEC700F9C5BE /* CoreGraphics.framework */ = {isa = PBXFileReference; lastKnownFileType = wrapper.framework; name = CoreGraphics.framework; path = System/Library/Frameworks/CoreGraphics.framework; sourceTree = SDKROOT; };
		9BB183971971BEC700F9C5BE /* UIKit.framework */ = {isa = PBXFileReference; lastKnownFileType = wrapper.framework; name = UIKit.framework; path = System/Library/Frameworks/UIKit.framework; sourceTree = SDKROOT; };
		9BB1839B1971BEC700F9C5BE /* SplitView-Info.plist */ = {isa = PBXFileReference; lastKnownFileType = text.plist.xml; path = "SplitView-Info.plist"; sourceTree = "<group>"; };
		9BB1839D1971BEC700F9C5BE /* en */ = {isa = PBXFileReference; lastKnownFileType = text.plist.strings; name = en; path = en.lproj/InfoPlist.strings; sourceTree = "<group>"; };
		9BB1839F1971BEC700F9C5BE /* main.m */ = {isa = PBXFileReference; lastKnownFileType = sourcecode.c.objc; path = main.m; sourceTree = "<group>"; };
		9BB183A11971BEC700F9C5BE /* SplitView-Prefix.pch */ = {isa = PBXFileReference; lastKnownFileType = sourcecode.c.h; path = "SplitView-Prefix.pch"; sourceTree = "<group>"; };
		9BB183A21971BEC700F9C5BE /* AppDelegate.h */ = {isa = PBXFileReference; lastKnownFileType = sourcecode.c.h; path = AppDelegate.h; sourceTree = "<group>"; };
		9BB183A31971BEC700F9C5BE /* AppDelegate.m */ = {isa = PBXFileReference; lastKnownFileType = sourcecode.c.objc; path = AppDelegate.m; sourceTree = "<group>"; };
		9BB183A61971BEC700F9C5BE /* Base */ = {isa = PBXFileReference; lastKnownFileType = file.storyboard; name = Base; path = Base.lproj/Main.storyboard; sourceTree = "<group>"; };
		9BB183A81971BEC700F9C5BE /* MasterViewController.h */ = {isa = PBXFileReference; lastKnownFileType = sourcecode.c.h; path = MasterViewController.h; sourceTree = "<group>"; };
		9BB183A91971BEC700F9C5BE /* MasterViewController.m */ = {isa = PBXFileReference; lastKnownFileType = sourcecode.c.objc; path = MasterViewController.m; sourceTree = "<group>"; };
		9BB183AB1971BEC700F9C5BE /* DetailViewController.h */ = {isa = PBXFileReference; lastKnownFileType = sourcecode.c.h; path = DetailViewController.h; sourceTree = "<group>"; };
		9BB183AC1971BEC700F9C5BE /* DetailViewController.m */ = {isa = PBXFileReference; lastKnownFileType = sourcecode.c.objc; path = DetailViewController.m; sourceTree = "<group>"; };
		9BB183AE1971BEC700F9C5BE /* Images.xcassets */ = {isa = PBXFileReference; lastKnownFileType = folder.assetcatalog; path = Images.xcassets; sourceTree = "<group>"; };
		9BB183B41971BEC700F9C5BE /* SplitViewTests.xctest */ = {isa = PBXFileReference; explicitFileType = wrapper.cfbundle; includeInIndex = 0; path = SplitViewTests.xctest; sourceTree = BUILT_PRODUCTS_DIR; };
		9BB183B51971BEC700F9C5BE /* XCTest.framework */ = {isa = PBXFileReference; lastKnownFileType = wrapper.framework; name = XCTest.framework; path = Library/Frameworks/XCTest.framework; sourceTree = DEVELOPER_DIR; };
		9BB183BD1971BEC700F9C5BE /* SplitViewTests-Info.plist */ = {isa = PBXFileReference; lastKnownFileType = text.plist.xml; path = "SplitViewTests-Info.plist"; sourceTree = "<group>"; };
		9BB183BF1971BEC700F9C5BE /* en */ = {isa = PBXFileReference; lastKnownFileType = text.plist.strings; name = en; path = en.lproj/InfoPlist.strings; sourceTree = "<group>"; };
		9BB183C11971BEC700F9C5BE /* SplitViewTests.m */ = {isa = PBXFileReference; lastKnownFileType = sourcecode.c.objc; path = SplitViewTests.m; sourceTree = "<group>"; };
		9BB1840F1971CB0300F9C5BE /* TableViewController.h */ = {isa = PBXFileReference; fileEncoding = 4; lastKnownFileType = sourcecode.c.h; path = TableViewController.h; sourceTree = "<group>"; };
		9BB184101971CB0300F9C5BE /* TableViewController.m */ = {isa = PBXFileReference; fileEncoding = 4; lastKnownFileType = sourcecode.c.objc; path = TableViewController.m; sourceTree = "<group>"; };
/* End PBXFileReference section */

/* Begin PBXFrameworksBuildPhase section */
		9BB1838D1971BEC700F9C5BE /* Frameworks */ = {
			isa = PBXFrameworksBuildPhase;
			buildActionMask = 2147483647;
			files = (
				9BB183961971BEC700F9C5BE /* CoreGraphics.framework in Frameworks */,
				9BB183981971BEC700F9C5BE /* UIKit.framework in Frameworks */,
				9BB183941971BEC700F9C5BE /* Foundation.framework in Frameworks */,
			);
			runOnlyForDeploymentPostprocessing = 0;
		};
		9BB183B11971BEC700F9C5BE /* Frameworks */ = {
			isa = PBXFrameworksBuildPhase;
			buildActionMask = 2147483647;
			files = (
				9BB183B61971BEC700F9C5BE /* XCTest.framework in Frameworks */,
				9BB183B81971BEC700F9C5BE /* UIKit.framework in Frameworks */,
				9BB183B71971BEC700F9C5BE /* Foundation.framework in Frameworks */,
			);
			runOnlyForDeploymentPostprocessing = 0;
		};
/* End PBXFrameworksBuildPhase section */

/* Begin PBXGroup section */
		9BB183871971BEC700F9C5BE = {
			isa = PBXGroup;
			children = (
				9BB183991971BEC700F9C5BE /* SplitView */,
				9BB183BB1971BEC700F9C5BE /* SplitViewTests */,
				9BB183921971BEC700F9C5BE /* Frameworks */,
				9BB183911971BEC700F9C5BE /* Products */,
			);
			sourceTree = "<group>";
		};
		9BB183911971BEC700F9C5BE /* Products */ = {
			isa = PBXGroup;
			children = (
				9BB183901971BEC700F9C5BE /* SplitView.app */,
				9BB183B41971BEC700F9C5BE /* SplitViewTests.xctest */,
			);
			name = Products;
			sourceTree = "<group>";
		};
		9BB183921971BEC700F9C5BE /* Frameworks */ = {
			isa = PBXGroup;
			children = (
				9BB183931971BEC700F9C5BE /* Foundation.framework */,
				9BB183951971BEC700F9C5BE /* CoreGraphics.framework */,
				9BB183971971BEC700F9C5BE /* UIKit.framework */,
				9BB183B51971BEC700F9C5BE /* XCTest.framework */,
			);
			name = Frameworks;
			sourceTree = "<group>";
		};
		9BB183991971BEC700F9C5BE /* SplitView */ = {
			isa = PBXGroup;
			children = (
				9BB183A21971BEC700F9C5BE /* AppDelegate.h */,
				9BB183A31971BEC700F9C5BE /* AppDelegate.m */,
				9BB183A51971BEC700F9C5BE /* Main.storyboard */,
				9BB1840F1971CB0300F9C5BE /* TableViewController.h */,
				9BB184101971CB0300F9C5BE /* TableViewController.m */,
				9BB183A81971BEC700F9C5BE /* MasterViewController.h */,
				9BB183A91971BEC700F9C5BE /* MasterViewController.m */,
				9BB183AB1971BEC700F9C5BE /* DetailViewController.h */,
				9BB183AC1971BEC700F9C5BE /* DetailViewController.m */,
				9BB183AE1971BEC700F9C5BE /* Images.xcassets */,
				9BB1839A1971BEC700F9C5BE /* Supporting Files */,
			);
			path = SplitView;
			sourceTree = "<group>";
		};
		9BB1839A1971BEC700F9C5BE /* Supporting Files */ = {
			isa = PBXGroup;
			children = (
				9BB1839B1971BEC700F9C5BE /* SplitView-Info.plist */,
				9BB1839C1971BEC700F9C5BE /* InfoPlist.strings */,
				9BB1839F1971BEC700F9C5BE /* main.m */,
				9BB183A11971BEC700F9C5BE /* SplitView-Prefix.pch */,
			);
			name = "Supporting Files";
			sourceTree = "<group>";
		};
		9BB183BB1971BEC700F9C5BE /* SplitViewTests */ = {
			isa = PBXGroup;
			children = (
				9BB183C11971BEC700F9C5BE /* SplitViewTests.m */,
				9BB183BC1971BEC700F9C5BE /* Supporting Files */,
			);
			path = SplitViewTests;
			sourceTree = "<group>";
		};
		9BB183BC1971BEC700F9C5BE /* Supporting Files */ = {
			isa = PBXGroup;
			children = (
				9BB183BD1971BEC700F9C5BE /* SplitViewTests-Info.plist */,
				9BB183BE1971BEC700F9C5BE /* InfoPlist.strings */,
			);
			name = "Supporting Files";
			sourceTree = "<group>";
		};
/* End PBXGroup section */

/* Begin PBXNativeTarget section */
		9BB1838F1971BEC700F9C5BE /* SplitView */ = {
			isa = PBXNativeTarget;
			buildConfigurationList = 9BB183C51971BEC700F9C5BE /* Build configuration list for PBXNativeTarget "SplitView" */;
			buildPhases = (
				9BB1838C1971BEC700F9C5BE /* Sources */,
				9BB1838D1971BEC700F9C5BE /* Frameworks */,
				9BB1838E1971BEC700F9C5BE /* Resources */,
			);
			buildRules = (
			);
			dependencies = (
			);
			name = SplitView;
			productName = SplitView;
			productReference = 9BB183901971BEC700F9C5BE /* SplitView.app */;
			productType = "com.apple.product-type.application";
		};
		9BB183B31971BEC700F9C5BE /* SplitViewTests */ = {
			isa = PBXNativeTarget;
			buildConfigurationList = 9BB183C81971BEC700F9C5BE /* Build configuration list for PBXNativeTarget "SplitViewTests" */;
			buildPhases = (
				9BB183B01971BEC700F9C5BE /* Sources */,
				9BB183B11971BEC700F9C5BE /* Frameworks */,
				9BB183B21971BEC700F9C5BE /* Resources */,
			);
			buildRules = (
			);
			dependencies = (
				9BB183BA1971BEC700F9C5BE /* PBXTargetDependency */,
			);
			name = SplitViewTests;
			productName = SplitViewTests;
			productReference = 9BB183B41971BEC700F9C5BE /* SplitViewTests.xctest */;
			productType = "com.apple.product-type.bundle.unit-test";
		};
/* End PBXNativeTarget section */

/* Begin PBXProject section */
		9BB183881971BEC700F9C5BE /* Project object */ = {
			isa = PBXProject;
			attributes = {
				LastUpgradeCheck = 0510;
				ORGANIZATIONNAME = "Joseph Fedor";
				TargetAttributes = {
					9BB183B31971BEC700F9C5BE = {
						TestTargetID = 9BB1838F1971BEC700F9C5BE;
					};
				};
			};
			buildConfigurationList = 9BB1838B1971BEC700F9C5BE /* Build configuration list for PBXProject "SplitView" */;
			compatibilityVersion = "Xcode 3.2";
			developmentRegion = English;
			hasScannedForEncodings = 0;
			knownRegions = (
				en,
				Base,
			);
			mainGroup = 9BB183871971BEC700F9C5BE;
			productRefGroup = 9BB183911971BEC700F9C5BE /* Products */;
			projectDirPath = "";
			projectRoot = "";
			targets = (
				9BB1838F1971BEC700F9C5BE /* SplitView */,
				9BB183B31971BEC700F9C5BE /* SplitViewTests */,
			);
		};
/* End PBXProject section */

/* Begin PBXResourcesBuildPhase section */
		9BB1838E1971BEC700F9C5BE /* Resources */ = {
			isa = PBXResourcesBuildPhase;
			buildActionMask = 2147483647;
			files = (
				9BB183AF1971BEC700F9C5BE /* Images.xcassets in Resources */,
				9BB1839E1971BEC700F9C5BE /* InfoPlist.strings in Resources */,
				9BB183A71971BEC700F9C5BE /* Main.storyboard in Resources */,
			);
			runOnlyForDeploymentPostprocessing = 0;
		};
		9BB183B21971BEC700F9C5BE /* Resources */ = {
			isa = PBXResourcesBuildPhase;
			buildActionMask = 2147483647;
			files = (
				9BB183C01971BEC700F9C5BE /* InfoPlist.strings in Resources */,
			);
			runOnlyForDeploymentPostprocessing = 0;
		};
/* End PBXResourcesBuildPhase section */

/* Begin PBXSourcesBuildPhase section */
		9BB1838C1971BEC700F9C5BE /* Sources */ = {
			isa = PBXSourcesBuildPhase;
			buildActionMask = 2147483647;
			files = (
				9BB183A41971BEC700F9C5BE /* AppDelegate.m in Sources */,
				9BB183AA1971BEC700F9C5BE /* MasterViewController.m in Sources */,
				9BB183A01971BEC700F9C5BE /* main.m in Sources */,
				9BB184111971CB0300F9C5BE /* TableViewController.m in Sources */,
				9BB183AD1971BEC700F9C5BE /* DetailViewController.m in Sources */,
			);
			runOnlyForDeploymentPostprocessing = 0;
		};
		9BB183B01971BEC700F9C5BE /* Sources */ = {
			isa = PBXSourcesBuildPhase;
			buildActionMask = 2147483647;
			files = (
				9BB183C21971BEC700F9C5BE /* SplitViewTests.m in Sources */,
			);
			runOnlyForDeploymentPostprocessing = 0;
		};
/* End PBXSourcesBuildPhase section */

/* Begin PBXTargetDependency section */
		9BB183BA1971BEC700F9C5BE /* PBXTargetDependency */ = {
			isa = PBXTargetDependency;
			target = 9BB1838F1971BEC700F9C5BE /* SplitView */;
			targetProxy = 9BB183B91971BEC700F9C5BE /* PBXContainerItemProxy */;
		};
/* End PBXTargetDependency section */

/* Begin PBXVariantGroup section */
		9BB1839C1971BEC700F9C5BE /* InfoPlist.strings */ = {
			isa = PBXVariantGroup;
			children = (
				9BB1839D1971BEC700F9C5BE /* en */,
			);
			name = InfoPlist.strings;
			sourceTree = "<group>";
		};
		9BB183A51971BEC700F9C5BE /* Main.storyboard */ = {
			isa = PBXVariantGroup;
			children = (
				9BB183A61971BEC700F9C5BE /* Base */,
			);
			name = Main.storyboard;
			sourceTree = "<group>";
		};
		9BB183BE1971BEC700F9C5BE /* InfoPlist.strings */ = {
			isa = PBXVariantGroup;
			children = (
				9BB183BF1971BEC700F9C5BE /* en */,
			);
			name = InfoPlist.strings;
			sourceTree = "<group>";
		};
/* End PBXVariantGroup section */

/* Begin XCBuildConfiguration section */
		9BB183C31971BEC700F9C5BE /* Debug */ = {
			isa = XCBuildConfiguration;
			buildSettings = {
				ALWAYS_SEARCH_USER_PATHS = NO;
				CLANG_CXX_LANGUAGE_STANDARD = "gnu++0x";
				CLANG_CXX_LIBRARY = "libc++";
				CLANG_ENABLE_MODULES = YES;
				CLANG_ENABLE_OBJC_ARC = YES;
				CLANG_WARN_BOOL_CONVERSION = YES;
				CLANG_WARN_CONSTANT_CONVERSION = YES;
				CLANG_WARN_DIRECT_OBJC_ISA_USAGE = YES_ERROR;
				CLANG_WARN_EMPTY_BODY = YES;
				CLANG_WARN_ENUM_CONVERSION = YES;
				CLANG_WARN_INT_CONVERSION = YES;
				CLANG_WARN_OBJC_ROOT_CLASS = YES_ERROR;
				CLANG_WARN__DUPLICATE_METHOD_MATCH = YES;
				"CODE_SIGN_IDENTITY[sdk=iphoneos*]" = "iPhone Developer";
				COPY_PHASE_STRIP = NO;
				GCC_C_LANGUAGE_STANDARD = gnu99;
				GCC_DYNAMIC_NO_PIC = NO;
				GCC_OPTIMIZATION_LEVEL = 0;
				GCC_PREPROCESSOR_DEFINITIONS = (
					"DEBUG=1",
					"$(inherited)",
				);
				GCC_SYMBOLS_PRIVATE_EXTERN = NO;
				GCC_WARN_64_TO_32_BIT_CONVERSION = YES;
				GCC_WARN_ABOUT_RETURN_TYPE = YES_ERROR;
				GCC_WARN_UNDECLARED_SELECTOR = YES;
				GCC_WARN_UNINITIALIZED_AUTOS = YES_AGGRESSIVE;
				GCC_WARN_UNUSED_FUNCTION = YES;
				GCC_WARN_UNUSED_VARIABLE = YES;
				IPHONEOS_DEPLOYMENT_TARGET = 7.1;
				ONLY_ACTIVE_ARCH = YES;
				SDKROOT = iphoneos;
				TARGETED_DEVICE_FAMILY = 2;
			};
			name = Debug;
		};
		9BB183C41971BEC700F9C5BE /* Release */ = {
			isa = XCBuildConfiguration;
			buildSettings = {
				ALWAYS_SEARCH_USER_PATHS = NO;
				CLANG_CXX_LANGUAGE_STANDARD = "gnu++0x";
				CLANG_CXX_LIBRARY = "libc++";
				CLANG_ENABLE_MODULES = YES;
				CLANG_ENABLE_OBJC_ARC = YES;
				CLANG_WARN_BOOL_CONVERSION = YES;
				CLANG_WARN_CONSTANT_CONVERSION = YES;
				CLANG_WARN_DIRECT_OBJC_ISA_USAGE = YES_ERROR;
				CLANG_WARN_EMPTY_BODY = YES;
				CLANG_WARN_ENUM_CONVERSION = YES;
				CLANG_WARN_INT_CONVERSION = YES;
				CLANG_WARN_OBJC_ROOT_CLASS = YES_ERROR;
				CLANG_WARN__DUPLICATE_METHOD_MATCH = YES;
				"CODE_SIGN_IDENTITY[sdk=iphoneos*]" = "iPhone Developer";
				COPY_PHASE_STRIP = YES;
				ENABLE_NS_ASSERTIONS = NO;
				GCC_C_LANGUAGE_STANDARD = gnu99;
				GCC_WARN_64_TO_32_BIT_CONVERSION = YES;
				GCC_WARN_ABOUT_RETURN_TYPE = YES_ERROR;
				GCC_WARN_UNDECLARED_SELECTOR = YES;
				GCC_WARN_UNINITIALIZED_AUTOS = YES_AGGRESSIVE;
				GCC_WARN_UNUSED_FUNCTION = YES;
				GCC_WARN_UNUSED_VARIABLE = YES;
				IPHONEOS_DEPLOYMENT_TARGET = 7.1;
				SDKROOT = iphoneos;
				TARGETED_DEVICE_FAMILY = 2;
				VALIDATE_PRODUCT = YES;
			};
			name = Release;
		};
		9BB183C61971BEC700F9C5BE /* Debug */ = {
			isa = XCBuildConfiguration;
			buildSettings = {
				ASSETCATALOG_COMPILER_APPICON_NAME = AppIcon;
				ASSETCATALOG_COMPILER_LAUNCHIMAGE_NAME = LaunchImage;
				GCC_PRECOMPILE_PREFIX_HEADER = YES;
				GCC_PREFIX_HEADER = "SplitView/SplitView-Prefix.pch";
				INFOPLIST_FILE = "SplitView/SplitView-Info.plist";
				PRODUCT_NAME = "$(TARGET_NAME)";
				WRAPPER_EXTENSION = app;
			};
			name = Debug;
		};
		9BB183C71971BEC700F9C5BE /* Release */ = {
			isa = XCBuildConfiguration;
			buildSettings = {
				ASSETCATALOG_COMPILER_APPICON_NAME = AppIcon;
				ASSETCATALOG_COMPILER_LAUNCHIMAGE_NAME = LaunchImage;
				GCC_PRECOMPILE_PREFIX_HEADER = YES;
				GCC_PREFIX_HEADER = "SplitView/SplitView-Prefix.pch";
				INFOPLIST_FILE = "SplitView/SplitView-Info.plist";
				PRODUCT_NAME = "$(TARGET_NAME)";
				WRAPPER_EXTENSION = app;
			};
			name = Release;
		};
		9BB183C91971BEC700F9C5BE /* Debug */ = {
			isa = XCBuildConfiguration;
			buildSettings = {
				BUNDLE_LOADER = "$(BUILT_PRODUCTS_DIR)/SplitView.app/SplitView";
				FRAMEWORK_SEARCH_PATHS = (
					"$(SDKROOT)/Developer/Library/Frameworks",
					"$(inherited)",
					"$(DEVELOPER_FRAMEWORKS_DIR)",
				);
				GCC_PRECOMPILE_PREFIX_HEADER = YES;
				GCC_PREFIX_HEADER = "SplitView/SplitView-Prefix.pch";
				GCC_PREPROCESSOR_DEFINITIONS = (
					"DEBUG=1",
					"$(inherited)",
				);
				INFOPLIST_FILE = "SplitViewTests/SplitViewTests-Info.plist";
				PRODUCT_NAME = "$(TARGET_NAME)";
				TEST_HOST = "$(BUNDLE_LOADER)";
				WRAPPER_EXTENSION = xctest;
			};
			name = Debug;
		};
		9BB183CA1971BEC700F9C5BE /* Release */ = {
			isa = XCBuildConfiguration;
			buildSettings = {
				BUNDLE_LOADER = "$(BUILT_PRODUCTS_DIR)/SplitView.app/SplitView";
				FRAMEWORK_SEARCH_PATHS = (
					"$(SDKROOT)/Developer/Library/Frameworks",
					"$(inherited)",
					"$(DEVELOPER_FRAMEWORKS_DIR)",
				);
				GCC_PRECOMPILE_PREFIX_HEADER = YES;
				GCC_PREFIX_HEADER = "SplitView/SplitView-Prefix.pch";
				INFOPLIST_FILE = "SplitViewTests/SplitViewTests-Info.plist";
				PRODUCT_NAME = "$(TARGET_NAME)";
				TEST_HOST = "$(BUNDLE_LOADER)";
				WRAPPER_EXTENSION = xctest;
			};
			name = Release;
		};
/* End XCBuildConfiguration section */

/* Begin XCConfigurationList section */
		9BB1838B1971BEC700F9C5BE /* Build configuration list for PBXProject "SplitView" */ = {
			isa = XCConfigurationList;
			buildConfigurations = (
				9BB183C31971BEC700F9C5BE /* Debug */,
				9BB183C41971BEC700F9C5BE /* Release */,
			);
			defaultConfigurationIsVisible = 0;
			defaultConfigurationName = Release;
		};
		9BB183C51971BEC700F9C5BE /* Build configuration list for PBXNativeTarget "SplitView" */ = {
			isa = XCConfigurationList;
			buildConfigurations = (
				9BB183C61971BEC700F9C5BE /* Debug */,
				9BB183C71971BEC700F9C5BE /* Release */,
			);
			defaultConfigurationIsVisible = 0;
		};
		9BB183C81971BEC700F9C5BE /* Build configuration list for PBXNativeTarget "SplitViewTests" */ = {
			isa = XCConfigurationList;
			buildConfigurations = (
				9BB183C91971BEC700F9C5BE /* Debug */,
				9BB183CA1971BEC700F9C5BE /* Release */,
			);
			defaultConfigurationIsVisible = 0;
		};
/* End XCConfigurationList section */
	};
	rootObject = 9BB183881971BEC700F9C5BE /* Project object */;
}
